
Microsoft Visual Studio Solution File, Format Version 12.00
# Visual Studio 15
VisualStudioVersion = 15.0.28307.1062
MinimumVisualStudioVersion = 10.0.40219.1
Project("{FAE04EC0-301F-11D3-BF4B-00C04F79EFBC}") = "GeneticAlgorithm", "GeneticAlgorithm\GeneticAlgorithm.csproj", "{811A4E86-C270-488F-B96E-E716D8CAD213}"
EndProject
Global
	GlobalSection(SolutionConfigurationPlatforms) = preSolution
		Debug|Any CPU = Debug|Any CPU
		Release|Any CPU = Release|Any CPU
	EndGlobalSection
	GlobalSection(ProjectConfigurationPlatforms) = postSolution
		{811A4E86-C270-488F-B96E-E716D8CAD213}.Debug|Any CPU.ActiveCfg = Debug|Any CPU
		{811A4E86-C270-488F-B96E-E716D8CAD213}.Debug|Any CPU.Build.0 = Debug|Any CPU
		{811A4E86-C270-488F-B96E-E716D8CAD213}.Release|Any CPU.ActiveCfg = Release|Any CPU
		{811A4E86-C270-488F-B96E-E716D8CAD213}.Release|Any CPU.Build.0 = Release|Any CPU
	EndGlobalSection
	GlobalSection(SolutionProperties) = preSolution
		HideSolutionNode = FALSE
	EndGlobalSection
	GlobalSection(ExtensibilityGlobals) = postSolution
		SolutionGuid = {35226709-5E78-4668-B781-C5C6AB030BFE}
	EndGlobalSection
EndGlobal
